// !$*UTF8*$!
{
	archiveVersion = 1;
	classes = {
	};
	objectVersion = 46;
	objects = {

/* Begin PBXBuildFile section */
		2C61529A1DF162A700F856BF /* AppDelegate.swift in Sources */ = {isa = PBXBuildFile; fileRef = 2C6152991DF162A700F856BF /* AppDelegate.swift */; };
		2C61529C1DF162A700F856BF /* ViewController.swift in Sources */ = {isa = PBXBuildFile; fileRef = 2C61529B1DF162A700F856BF /* ViewController.swift */; };
		2C61529F1DF162A700F856BF /* Main.storyboard in Resources */ = {isa = PBXBuildFile; fileRef = 2C61529D1DF162A700F856BF /* Main.storyboard */; };
		2C6152A11DF162A700F856BF /* Assets.xcassets in Resources */ = {isa = PBXBuildFile; fileRef = 2C6152A01DF162A700F856BF /* Assets.xcassets */; };
		2C6152A41DF162A700F856BF /* LaunchScreen.storyboard in Resources */ = {isa = PBXBuildFile; fileRef = 2C6152A21DF162A700F856BF /* LaunchScreen.storyboard */; };
/* End PBXBuildFile section */

/* Begin PBXFileReference section */
		2C6152961DF162A600F856BF /* MultiTableViewSample.app */ = {isa = PBXFileReference; explicitFileType = wrapper.application; includeInIndex = 0; path = MultiTableViewSample.app; sourceTree = BUILT_PRODUCTS_DIR; };
		2C6152991DF162A700F856BF /* AppDelegate.swift */ = {isa = PBXFileReference; lastKnownFileType = sourcecode.swift; path = AppDelegate.swift; sourceTree = "<group>"; };
		2C61529B1DF162A700F856BF /* ViewController.swift */ = {isa = PBXFileReference; lastKnownFileType = sourcecode.swift; path = ViewController.swift; sourceTree = "<group>"; };
		2C61529E1DF162A700F856BF /* Base */ = {isa = PBXFileReference; lastKnownFileType = file.storyboard; name = Base; path = Base.lproj/Main.storyboard; sourceTree = "<group>"; };
		2C6152A01DF162A700F856BF /* Assets.xcassets */ = {isa = PBXFileReference; lastKnownFileType = folder.assetcatalog; path = Assets.xcassets; sourceTree = "<group>"; };
		2C6152A31DF162A700F856BF /* Base */ = {isa = PBXFileReference; lastKnownFileType = file.storyboard; name = Base; path = Base.lproj/LaunchScreen.storyboard; sourceTree = "<group>"; };
		2C6152A51DF162A700F856BF /* Info.plist */ = {isa = PBXFileReference; lastKnownFileType = text.plist.xml; path = Info.plist; sourceTree = "<group>"; };
/* End PBXFileReference section */

/* Begin PBXFrameworksBuildPhase section */
		2C6152931DF162A600F856BF /* Frameworks */ = {
			isa = PBXFrameworksBuildPhase;
			buildActionMask = 2147483647;
			files = (
			);
			runOnlyForDeploymentPostprocessing = 0;
		};
/* End PBXFrameworksBuildPhase section */

/* Begin PBXGroup section */
		2C61528D1DF162A600F856BF = {
			isa = PBXGroup;
			children = (
				2C6152981DF162A700F856BF /* MultiTableViewSample */,
				2C6152971DF162A600F856BF /* Products */,
			);
			sourceTree = "<group>";
		};
		2C6152971DF162A600F856BF /* Products */ = {
			isa = PBXGroup;
			children = (
				2C6152961DF162A600F856BF /* MultiTableViewSample.app */,
			);
			name = Products;
			sourceTree = "<group>";
		};
		2C6152981DF162A700F856BF /* MultiTableViewSample */ = {
			isa = PBXGroup;
			children = (
				2C6152991DF162A700F856BF /* AppDelegate.swift */,
				2C61529B1DF162A700F856BF /* ViewController.swift */,
				2C61529D1DF162A700F856BF /* Main.storyboard */,
				2C6152A01DF162A700F856BF /* Assets.xcassets */,
				2C6152A21DF162A700F856BF /* LaunchScreen.storyboard */,
				2C6152A51DF162A700F856BF /* Info.plist */,
			);
			path = MultiTableViewSample;
			sourceTree = "<group>";
		};
/* End PBXGroup section */

/* Begin PBXNativeTarget section */
		2C6152951DF162A600F856BF /* MultiTableViewSample */ = {
			isa = PBXNativeTarget;
			buildConfigurationList = 2C6152A81DF162A700F856BF /* Build configuration list for PBXNativeTarget "MultiTableViewSample" */;
			buildPhases = (
				2C6152921DF162A600F856BF /* Sources */,
				2C6152931DF162A600F856BF /* Frameworks */,
				2C6152941DF162A600F856BF /* Resources */,
			);
			buildRules = (
			);
			dependencies = (
			);
			name = MultiTableViewSample;
			productName = MultiTableViewSample;
			productReference = 2C6152961DF162A600F856BF /* MultiTableViewSample.app */;
			productType = "com.apple.product-type.application";
		};
/* End PBXNativeTarget section */

/* Begin PBXProject section */
		2C61528E1DF162A600F856BF /* Project object */ = {
			isa = PBXProject;
			attributes = {
				LastSwiftUpdateCheck = 0810;
				LastUpgradeCheck = 0810;
				ORGANIZATIONNAME = otukutun;
				TargetAttributes = {
					2C6152951DF162A600F856BF = {
						CreatedOnToolsVersion = 8.1;
						ProvisioningStyle = Automatic;
					};
				};
			};
			buildConfigurationList = 2C6152911DF162A600F856BF /* Build configuration list for PBXProject "MultiTableViewSample" */;
			compatibilityVersion = "Xcode 3.2";
			developmentRegion = English;
			hasScannedForEncodings = 0;
			knownRegions = (
				en,
				Base,
			);
			mainGroup = 2C61528D1DF162A600F856BF;
			productRefGroup = 2C6152971DF162A600F856BF /* Products */;
			projectDirPath = "";
			projectRoot = "";
			targets = (
				2C6152951DF162A600F856BF /* MultiTableViewSample */,
			);
		};
/* End PBXProject section */

/* Begin PBXResourcesBuildPhase section */
		2C6152941DF162A600F856BF /* Resources */ = {
			isa = PBXResourcesBuildPhase;
			buildActionMask = 2147483647;
			files = (
				2C6152A41DF162A700F856BF /* LaunchScreen.storyboard in Resources */,
				2C6152A11DF162A700F856BF /* Assets.xcassets in Resources */,
				2C61529F1DF162A700F856BF /* Main.storyboard in Resources */,
			);
			runOnlyForDeploymentPostprocessing = 0;
		};
/* End PBXResourcesBuildPhase section */

/* Begin PBXSourcesBuildPhase section */
		2C6152921DF162A600F856BF /* Sources */ = {
			isa = PBXSourcesBuildPhase;
			buildActionMask = 2147483647;
			files = (
				2C61529C1DF162A700F856BF /* ViewController.swift in Sources */,
				2C61529A1DF162A700F856BF /* AppDelegate.swift in Sources */,
			);
			runOnlyForDeploymentPostprocessing = 0;
		};
/* End PBXSourcesBuildPhase section */

/* Begin PBXVariantGroup section */
		2C61529D1DF162A700F856BF /* Main.storyboard */ = {
			isa = PBXVariantGroup;
			children = (
				2C61529E1DF162A700F856BF /* Base */,
			);
			name = Main.storyboard;
			sourceTree = "<group>";
		};
		2C6152A21DF162A700F856BF /* LaunchScreen.storyboard */ = {
			isa = PBXVariantGroup;
			children = (
				2C6152A31DF162A700F856BF /* Base */,
			);
			name = LaunchScreen.storyboard;
			sourceTree = "<group>";
		};
/* End PBXVariantGroup section */

/* Begin XCBuildConfiguration section */
		2C6152A61DF162A700F856BF /* Debug */ = {
			isa = XCBuildConfiguration;
			buildSettings = {
				ALWAYS_SEARCH_USER_PATHS = NO;
				CLANG_ANALYZER_NONNULL = YES;
				CLANG_CXX_LANGUAGE_STANDARD = "gnu++0x";
				CLANG_CXX_LIBRARY = "libc++";
				CLANG_ENABLE_MODULES = YES;
				CLANG_ENABLE_OBJC_ARC = YES;
				CLANG_WARN_BOOL_CONVERSION = YES;
				CLANG_WARN_CONSTANT_CONVERSION = YES;
				CLANG_WARN_DIRECT_OBJC_ISA_USAGE = YES_ERROR;
				CLANG_WARN_DOCUMENTATION_COMMENTS = YES;
				CLANG_WARN_EMPTY_BODY = YES;
				CLANG_WARN_ENUM_CONVERSION = YES;
				CLANG_WARN_INFINITE_RECURSION = YES;
				CLANG_WARN_INT_CONVERSION = YES;
				CLANG_WARN_OBJC_ROOT_CLASS = YES_ERROR;
				CLANG_WARN_SUSPICIOUS_MOVES = YES;
				CLANG_WARN_UNREACHABLE_CODE = YES;
				CLANG_WARN__DUPLICATE_METHOD_MATCH = YES;
				"CODE_SIGN_IDENTITY[sdk=iphoneos*]" = "iPhone Developer";
				COPY_PHASE_STRIP = NO;
				DEBUG_INFORMATION_FORMAT = dwarf;
				ENABLE_STRICT_OBJC_MSGSEND = YES;
				ENABLE_TESTABILITY = YES;
				GCC_C_LANGUAGE_STANDARD = gnu99;
				GCC_DYNAMIC_NO_PIC = NO;
				GCC_NO_COMMON_BLOCKS = YES;
				GCC_OPTIMIZATION_LEVEL = 0;
				GCC_PREPROCESSOR_DEFINITIONS = (
					"DEBUG=1",
					"$(inherited)",
				);
				GCC_WARN_64_TO_32_BIT_CONVERSION = YES;
				GCC_WARN_ABOUT_RETURN_TYPE = YES_ERROR;
				GCC_WARN_UNDECLARED_SELECTOR = YES;
				GCC_WARN_UNINITIALIZED_AUTOS = YES_AGGRESSIVE;
				GCC_WARN_UNUSED_FUNCTION = YES;
				GCC_WARN_UNUSED_VARIABLE = YES;
				IPHONEOS_DEPLOYMENT_TARGET = 10.1;
				MTL_ENABLE_DEBUG_INFO = YES;
				ONLY_ACTIVE_ARCH = YES;
				SDKROOT = iphoneos;
				SWIFT_ACTIVE_COMPILATION_CONDITIONS = DEBUG;
				SWIFT_OPTIMIZATION_LEVEL = "-Onone";
			};
			name = Debug;
		};
		2C6152A71DF162A700F856BF /* Release */ = {
			isa = XCBuildConfiguration;
			buildSettings = {
				ALWAYS_SEARCH_USER_PATHS = NO;
				CLANG_ANALYZER_NONNULL = YES;
				CLANG_CXX_LANGUAGE_STANDARD = "gnu++0x";
				CLANG_CXX_LIBRARY = "libc++";
				CLANG_ENABLE_MODULES = YES;
				CLANG_ENABLE_OBJC_ARC = YES;
				CLANG_WARN_BOOL_CONVERSION = YES;
				CLANG_WARN_CONSTANT_CONVERSION = YES;
				CLANG_WARN_DIRECT_OBJC_ISA_USAGE = YES_ERROR;
				CLANG_WARN_DOCUMENTATION_COMMENTS = YES;
				CLANG_WARN_EMPTY_BODY = YES;
				CLANG_WARN_ENUM_CONVERSION = YES;
				CLANG_WARN_INFINITE_RECURSION = YES;
				CLANG_WARN_INT_CONVERSION = YES;
				CLANG_WARN_OBJC_ROOT_CLASS = YES_ERROR;
				CLANG_WARN_SUSPICIOUS_MOVES = YES;
				CLANG_WARN_UNREACHABLE_CODE = YES;
				CLANG_WARN__DUPLICATE_METHOD_MATCH = YES;
				"CODE_SIGN_IDENTITY[sdk=iphoneos*]" = "iPhone Developer";
				COPY_PHASE_STRIP = NO;
				DEBUG_INFORMATION_FORMAT = "dwarf-with-dsym";
				ENABLE_NS_ASSERTIONS = NO;
				ENABLE_STRICT_OBJC_MSGSEND = YES;
				GCC_C_LANGUAGE_STANDARD = gnu99;
				GCC_NO_COMMON_BLOCKS = YES;
				GCC_WARN_64_TO_32_BIT_CONVERSION = YES;
				GCC_WARN_ABOUT_RETURN_TYPE = YES_ERROR;
				GCC_WARN_UNDECLARED_SELECTOR = YES;
				GCC_WARN_UNINITIALIZED_AUTOS = YES_AGGRESSIVE;
				GCC_WARN_UNUSED_FUNCTION = YES;
				GCC_WARN_UNUSED_VARIABLE = YES;
				IPHONEOS_DEPLOYMENT_TARGET = 10.1;
				MTL_ENABLE_DEBUG_INFO = NO;
				SDKROOT = iphoneos;
				SWIFT_OPTIMIZATION_LEVEL = "-Owholemodule";
				VALIDATE_PRODUCT = YES;
			};
			name = Release;
		};
		2C6152A91DF162A700F856BF /* Debug */ = {
			isa = XCBuildConfiguration;
			buildSettings = {
				ASSETCATALOG_COMPILER_APPICON_NAME = AppIcon;
				INFOPLIST_FILE = MultiTableViewSample/Info.plist;
				LD_RUNPATH_SEARCH_PATHS = "$(inherited) @executable_path/Frameworks";
				PRODUCT_BUNDLE_IDENTIFIER = jp.techacademy.otukutun.MultiTableViewSample;
				PRODUCT_NAME = "$(TARGET_NAME)";
				SWIFT_VERSION = 3.0;
			};
			name = Debug;
		};
		2C6152AA1DF162A700F856BF /* Release */ = {
			isa = XCBuildConfiguration;
			buildSettings = {
				ASSETCATALOG_COMPILER_APPICON_NAME = AppIcon;
				INFOPLIST_FILE = MultiTableViewSample/Info.plist;
				LD_RUNPATH_SEARCH_PATHS = "$(inherited) @executable_path/Frameworks";
				PRODUCT_BUNDLE_IDENTIFIER = jp.techacademy.otukutun.MultiTableViewSample;
				PRODUCT_NAME = "$(TARGET_NAME)";
				SWIFT_VERSION = 3.0;
			};
			name = Release;
		};
/* End XCBuildConfiguration section */

/* Begin XCConfigurationList section */
		2C6152911DF162A600F856BF /* Build configuration list for PBXProject "MultiTableViewSample" */ = {
			isa = XCConfigurationList;
			buildConfigurations = (
				2C6152A61DF162A700F856BF /* Debug */,
				2C6152A71DF162A700F856BF /* Release */,
			);
			defaultConfigurationIsVisible = 0;
			defaultConfigurationName = Release;
		};
		2C6152A81DF162A700F856BF /* Build configuration list for PBXNativeTarget "MultiTableViewSample" */ = {
			isa = XCConfigurationList;
			buildConfigurations = (
				2C6152A91DF162A700F856BF /* Debug */,
				2C6152AA1DF162A700F856BF /* Release */,
			);
			defaultConfigurationIsVisible = 0;
		};
/* End XCConfigurationList section */
	};
	rootObject = 2C61528E1DF162A600F856BF /* Project object */;
}
